{
  "settings": {
    "host": "play.signalsmp.com",
    "port": 25565,
    "version": "1.21.1",
    "profilesFolder": "./auth-cache",
    "antiAfkIntervalSec": 40,
    "antiAfkCommand": "",
    "joinCommands": ["/afk"],
    "reconnectDelaySec": 15,
    "respawn": true,
    "dashboardPort": 3000,
    "dashboardPassword": "CHANGE-ME"
  },
  "accounts": [
    { "username": "account1@email.com", "label": "rcnv" },
    { "username": "account2@email.com", "label": "xqql" },
    { "username": "account3@email.com", "label": "phoonhops" },
    { "username": "account4@email.com", "label": "vapeuid" }
  ]
}
